
Microsoft Visual Studio Solution File, Format Version 12.00
# Visual Studio 14
VisualStudioVersion = 14.0.25420.1
MinimumVisualStudioVersion = 10.0.40219.1
Project("{FAE04EC0-301F-11D3-BF4B-00C04F79EFBC}") = "Shop", "Shop\Shop.csproj", "{795B3D64-2DC9-4244-BBA6-B8C3C34572DC}"
EndProject
Project("{FAE04EC0-301F-11D3-BF4B-00C04F79EFBC}") = "Shop.Test", "Shop.Test\Shop.Test.csproj", "{496968A1-6A53-4678-ABE1-0AF895D98D99}"
EndProject
Project("{FAE04EC0-301F-11D3-BF4B-00C04F79EFBC}") = "Shop.BLL", "Shops.BLL\Shop.BLL.csproj", "{FAD83CD1-FCDD-4A76-B730-617EB7DDC477}"
EndProject
Project("{FAE04EC0-301F-11D3-BF4B-00C04F79EFBC}") = "Shop.DAL", "Shops.DAL\Shop.DAL.csproj", "{68EDB83A-593D-4F87-99E4-931593604D94}"
EndProject
Global
	GlobalSection(SolutionConfigurationPlatforms) = preSolution
		Debug|Any CPU = Debug|Any CPU
		Release|Any CPU = Release|Any CPU
	EndGlobalSection
	GlobalSection(ProjectConfigurationPlatforms) = postSolution
		{795B3D64-2DC9-4244-BBA6-B8C3C34572DC}.Debug|Any CPU.ActiveCfg = Debug|Any CPU
		{795B3D64-2DC9-4244-BBA6-B8C3C34572DC}.Debug|Any CPU.Build.0 = Debug|Any CPU
		{795B3D64-2DC9-4244-BBA6-B8C3C34572DC}.Release|Any CPU.ActiveCfg = Release|Any CPU
		{795B3D64-2DC9-4244-BBA6-B8C3C34572DC}.Release|Any CPU.Build.0 = Release|Any CPU
		{496968A1-6A53-4678-ABE1-0AF895D98D99}.Debug|Any CPU.ActiveCfg = Debug|Any CPU
		{496968A1-6A53-4678-ABE1-0AF895D98D99}.Debug|Any CPU.Build.0 = Debug|Any CPU
		{496968A1-6A53-4678-ABE1-0AF895D98D99}.Release|Any CPU.ActiveCfg = Release|Any CPU
		{496968A1-6A53-4678-ABE1-0AF895D98D99}.Release|Any CPU.Build.0 = Release|Any CPU
		{FAD83CD1-FCDD-4A76-B730-617EB7DDC477}.Debug|Any CPU.ActiveCfg = Debug|Any CPU
		{FAD83CD1-FCDD-4A76-B730-617EB7DDC477}.Debug|Any CPU.Build.0 = Debug|Any CPU
		{FAD83CD1-FCDD-4A76-B730-617EB7DDC477}.Release|Any CPU.ActiveCfg = Release|Any CPU
		{FAD83CD1-FCDD-4A76-B730-617EB7DDC477}.Release|Any CPU.Build.0 = Release|Any CPU
		{68EDB83A-593D-4F87-99E4-931593604D94}.Debug|Any CPU.ActiveCfg = Debug|Any CPU
		{68EDB83A-593D-4F87-99E4-931593604D94}.Debug|Any CPU.Build.0 = Debug|Any CPU
		{68EDB83A-593D-4F87-99E4-931593604D94}.Release|Any CPU.ActiveCfg = Release|Any CPU
		{68EDB83A-593D-4F87-99E4-931593604D94}.Release|Any CPU.Build.0 = Release|Any CPU
	EndGlobalSection
	GlobalSection(SolutionProperties) = preSolution
		HideSolutionNode = FALSE
	EndGlobalSection
EndGlobal
